
Microsoft Visual Studio Solution File, Format Version 12.00
# Visual Studio 2012
Project("{FAE04EC0-301F-11D3-BF4B-00C04F79EFBC}") = "SmartQuant.Charting.WinForm", "SmartQuant.Charting.WinForm\SmartQuant.Charting.WinForm.csproj", "{DC33D65A-4031-4891-9DC3-18B2EBFB74AB}"
EndProject
Project("{FAE04EC0-301F-11D3-BF4B-00C04F79EFBC}") = "SmartQuant.FinChart.WinForm", "SmartQuant.FinChart.WinForm\SmartQuant.FinChart.WinForm.csproj", "{F64EB5F7-68D6-4CAC-978E-BBAC43A4C2A6}"
EndProject
Project("{FAE04EC0-301F-11D3-BF4B-00C04F79EFBC}") = "SmartQuant.ChartViewers.WinForm", "SmartQuant.ChartViewers.WinForm\SmartQuant.ChartViewers.WinForm.csproj", "{E6515A7E-2CBC-4823-AB77-E2B747227FA9}"
EndProject
Project("{FAE04EC0-301F-11D3-BF4B-00C04F79EFBC}") = "SmartQuant.Controls.WinForm", "SmartQuant.Controls.WinForm\SmartQuant.Controls.WinForm.csproj", "{3D4EC22C-579F-4464-ABA8-19366DEE11ED}"
EndProject
Project("{2150E333-8FDC-42A3-9474-1A3956D46DE8}") = "Tests", "Tests", "{5AF9DAA0-BE52-42B5-85DE-743C8DF4889D}"
EndProject
Project("{FAE04EC0-301F-11D3-BF4B-00C04F79EFBC}") = "TestWinForm", "Tests\TestWinForm\TestWinForm.csproj", "{021AA1BA-603D-4207-A089-05BFD66716ED}"
EndProject
Project("{FAE04EC0-301F-11D3-BF4B-00C04F79EFBC}") = "Demo", "Tests\Demo\Demo.csproj", "{9412EBA1-6B47-4502-8544-B73DE58770CB}"
EndProject
Project("{FAE04EC0-301F-11D3-BF4B-00C04F79EFBC}") = "TestWinFormGood", "Tests\TestWinFormGood\TestWinFormGood.csproj", "{D1C73354-9803-4ACF-9A5C-1C3FFA5EFA0B}"
EndProject
Project("{FAE04EC0-301F-11D3-BF4B-00C04F79EFBC}") = "TestUserControlGtk", "Tests\TestUserControlGtk\TestUserControlGtk.csproj", "{E0F5D536-CFE8-48C4-A82C-56B48BB067FD}"
EndProject
Project("{FAE04EC0-301F-11D3-BF4B-00C04F79EFBC}") = "TestGtk", "Tests\TestGtk\TestGtk.csproj", "{2C0EB898-2635-4D8A-A1FF-8DD9CA8743B7}"
EndProject
Project("{FAE04EC0-301F-11D3-BF4B-00C04F79EFBC}") = "Compatibility.WinForm", "Compatibility.WinForm\Compatibility.WinForm.csproj", "{1AF26544-F67B-465A-B1CB-C15B090F8232}"
EndProject
Project("{FAE04EC0-301F-11D3-BF4B-00C04F79EFBC}") = "Compatibility.Gtk", "Compatibility.Gtk\Compatibility.Gtk.csproj", "{83CE5610-A15C-488C-8D9F-909C2340107E}"
EndProject
Project("{FAE04EC0-301F-11D3-BF4B-00C04F79EFBC}") = "SmartQuant.Charting.Gtk", "SmartQuant.Charting.Gtk\SmartQuant.Charting.Gtk.csproj", "{CB9A2ED5-FDF9-40F4-8C68-3BD763BE90C1}"
EndProject
Project("{FAE04EC0-301F-11D3-BF4B-00C04F79EFBC}") = "SmartQuant.FinChart.Gtk", "SmartQuant.FinChart.Gtk\SmartQuant.FinChart.Gtk.csproj", "{B650BE79-F2BA-4905-AE3A-1D35D125B7CE}"
EndProject
Project("{FAE04EC0-301F-11D3-BF4B-00C04F79EFBC}") = "SmartQuant.ChartViewers.Gtk", "SmartQuant.ChartViewers.Gtk\SmartQuant.ChartViewers.Gtk.csproj", "{470E0CC8-20D6-496E-A84F-3E8A5F454F1C}"
EndProject
Project("{FAE04EC0-301F-11D3-BF4B-00C04F79EFBC}") = "SmartQuant.Controls.Gtk", "SmartQuant.Controls.Gtk\SmartQuant.Controls.Gtk.csproj", "{26692FBA-DC22-41DA-838A-7DF6D1420637}"
EndProject
Global
	GlobalSection(SolutionConfigurationPlatforms) = preSolution
		Debug|Any CPU = Debug|Any CPU
		Release|Any CPU = Release|Any CPU
	EndGlobalSection
	GlobalSection(ProjectConfigurationPlatforms) = postSolution
		{021AA1BA-603D-4207-A089-05BFD66716ED}.Debug|Any CPU.ActiveCfg = Debug|Any CPU
		{021AA1BA-603D-4207-A089-05BFD66716ED}.Debug|Any CPU.Build.0 = Debug|Any CPU
		{021AA1BA-603D-4207-A089-05BFD66716ED}.Release|Any CPU.ActiveCfg = Release|Any CPU
		{021AA1BA-603D-4207-A089-05BFD66716ED}.Release|Any CPU.Build.0 = Release|Any CPU
		{1AF26544-F67B-465A-B1CB-C15B090F8232}.Debug|Any CPU.ActiveCfg = Debug|Any CPU
		{1AF26544-F67B-465A-B1CB-C15B090F8232}.Debug|Any CPU.Build.0 = Debug|Any CPU
		{1AF26544-F67B-465A-B1CB-C15B090F8232}.Release|Any CPU.ActiveCfg = Release|Any CPU
		{1AF26544-F67B-465A-B1CB-C15B090F8232}.Release|Any CPU.Build.0 = Release|Any CPU
		{26692FBA-DC22-41DA-838A-7DF6D1420637}.Debug|Any CPU.ActiveCfg = Debug|Any CPU
		{26692FBA-DC22-41DA-838A-7DF6D1420637}.Debug|Any CPU.Build.0 = Debug|Any CPU
		{26692FBA-DC22-41DA-838A-7DF6D1420637}.Release|Any CPU.ActiveCfg = Release|Any CPU
		{26692FBA-DC22-41DA-838A-7DF6D1420637}.Release|Any CPU.Build.0 = Release|Any CPU
		{2C0EB898-2635-4D8A-A1FF-8DD9CA8743B7}.Debug|Any CPU.ActiveCfg = Debug|Any CPU
		{2C0EB898-2635-4D8A-A1FF-8DD9CA8743B7}.Debug|Any CPU.Build.0 = Debug|Any CPU
		{2C0EB898-2635-4D8A-A1FF-8DD9CA8743B7}.Release|Any CPU.ActiveCfg = Release|Any CPU
		{2C0EB898-2635-4D8A-A1FF-8DD9CA8743B7}.Release|Any CPU.Build.0 = Release|Any CPU
		{3D4EC22C-579F-4464-ABA8-19366DEE11ED}.Debug|Any CPU.ActiveCfg = Debug|Any CPU
		{3D4EC22C-579F-4464-ABA8-19366DEE11ED}.Debug|Any CPU.Build.0 = Debug|Any CPU
		{3D4EC22C-579F-4464-ABA8-19366DEE11ED}.Release|Any CPU.ActiveCfg = Release|Any CPU
		{3D4EC22C-579F-4464-ABA8-19366DEE11ED}.Release|Any CPU.Build.0 = Release|Any CPU
		{470E0CC8-20D6-496E-A84F-3E8A5F454F1C}.Debug|Any CPU.ActiveCfg = Debug|Any CPU
		{470E0CC8-20D6-496E-A84F-3E8A5F454F1C}.Debug|Any CPU.Build.0 = Debug|Any CPU
		{470E0CC8-20D6-496E-A84F-3E8A5F454F1C}.Release|Any CPU.ActiveCfg = Release|Any CPU
		{470E0CC8-20D6-496E-A84F-3E8A5F454F1C}.Release|Any CPU.Build.0 = Release|Any CPU
		{83CE5610-A15C-488C-8D9F-909C2340107E}.Debug|Any CPU.ActiveCfg = Debug|Any CPU
		{83CE5610-A15C-488C-8D9F-909C2340107E}.Debug|Any CPU.Build.0 = Debug|Any CPU
		{83CE5610-A15C-488C-8D9F-909C2340107E}.Release|Any CPU.ActiveCfg = Release|Any CPU
		{83CE5610-A15C-488C-8D9F-909C2340107E}.Release|Any CPU.Build.0 = Release|Any CPU
		{9412EBA1-6B47-4502-8544-B73DE58770CB}.Debug|Any CPU.ActiveCfg = Debug|Any CPU
		{9412EBA1-6B47-4502-8544-B73DE58770CB}.Debug|Any CPU.Build.0 = Debug|Any CPU
		{9412EBA1-6B47-4502-8544-B73DE58770CB}.Release|Any CPU.ActiveCfg = Release|Any CPU
		{9412EBA1-6B47-4502-8544-B73DE58770CB}.Release|Any CPU.Build.0 = Release|Any CPU
		{B650BE79-F2BA-4905-AE3A-1D35D125B7CE}.Debug|Any CPU.ActiveCfg = Debug|Any CPU
		{B650BE79-F2BA-4905-AE3A-1D35D125B7CE}.Debug|Any CPU.Build.0 = Debug|Any CPU
		{B650BE79-F2BA-4905-AE3A-1D35D125B7CE}.Release|Any CPU.ActiveCfg = Release|Any CPU
		{B650BE79-F2BA-4905-AE3A-1D35D125B7CE}.Release|Any CPU.Build.0 = Release|Any CPU
		{CB9A2ED5-FDF9-40F4-8C68-3BD763BE90C1}.Debug|Any CPU.ActiveCfg = Debug|Any CPU
		{CB9A2ED5-FDF9-40F4-8C68-3BD763BE90C1}.Debug|Any CPU.Build.0 = Debug|Any CPU
		{CB9A2ED5-FDF9-40F4-8C68-3BD763BE90C1}.Release|Any CPU.ActiveCfg = Release|Any CPU
		{CB9A2ED5-FDF9-40F4-8C68-3BD763BE90C1}.Release|Any CPU.Build.0 = Release|Any CPU
		{D1C73354-9803-4ACF-9A5C-1C3FFA5EFA0B}.Debug|Any CPU.ActiveCfg = Debug|Any CPU
		{D1C73354-9803-4ACF-9A5C-1C3FFA5EFA0B}.Debug|Any CPU.Build.0 = Debug|Any CPU
		{D1C73354-9803-4ACF-9A5C-1C3FFA5EFA0B}.Release|Any CPU.ActiveCfg = Release|Any CPU
		{D1C73354-9803-4ACF-9A5C-1C3FFA5EFA0B}.Release|Any CPU.Build.0 = Release|Any CPU
		{DC33D65A-4031-4891-9DC3-18B2EBFB74AB}.Debug|Any CPU.ActiveCfg = Debug|Any CPU
		{DC33D65A-4031-4891-9DC3-18B2EBFB74AB}.Debug|Any CPU.Build.0 = Debug|Any CPU
		{DC33D65A-4031-4891-9DC3-18B2EBFB74AB}.Release|Any CPU.ActiveCfg = Release|Any CPU
		{DC33D65A-4031-4891-9DC3-18B2EBFB74AB}.Release|Any CPU.Build.0 = Release|Any CPU
		{E0F5D536-CFE8-48C4-A82C-56B48BB067FD}.Debug|Any CPU.ActiveCfg = Debug|Any CPU
		{E0F5D536-CFE8-48C4-A82C-56B48BB067FD}.Debug|Any CPU.Build.0 = Debug|Any CPU
		{E0F5D536-CFE8-48C4-A82C-56B48BB067FD}.Release|Any CPU.ActiveCfg = Release|Any CPU
		{E0F5D536-CFE8-48C4-A82C-56B48BB067FD}.Release|Any CPU.Build.0 = Release|Any CPU
		{E6515A7E-2CBC-4823-AB77-E2B747227FA9}.Debug|Any CPU.ActiveCfg = Debug|Any CPU
		{E6515A7E-2CBC-4823-AB77-E2B747227FA9}.Debug|Any CPU.Build.0 = Debug|Any CPU
		{E6515A7E-2CBC-4823-AB77-E2B747227FA9}.Release|Any CPU.ActiveCfg = Release|Any CPU
		{E6515A7E-2CBC-4823-AB77-E2B747227FA9}.Release|Any CPU.Build.0 = Release|Any CPU
		{F64EB5F7-68D6-4CAC-978E-BBAC43A4C2A6}.Debug|Any CPU.ActiveCfg = Debug|Any CPU
		{F64EB5F7-68D6-4CAC-978E-BBAC43A4C2A6}.Debug|Any CPU.Build.0 = Debug|Any CPU
		{F64EB5F7-68D6-4CAC-978E-BBAC43A4C2A6}.Release|Any CPU.ActiveCfg = Release|Any CPU
		{F64EB5F7-68D6-4CAC-978E-BBAC43A4C2A6}.Release|Any CPU.Build.0 = Release|Any CPU
	EndGlobalSection
	GlobalSection(NestedProjects) = preSolution
		{021AA1BA-603D-4207-A089-05BFD66716ED} = {5AF9DAA0-BE52-42B5-85DE-743C8DF4889D}
		{9412EBA1-6B47-4502-8544-B73DE58770CB} = {5AF9DAA0-BE52-42B5-85DE-743C8DF4889D}
		{D1C73354-9803-4ACF-9A5C-1C3FFA5EFA0B} = {5AF9DAA0-BE52-42B5-85DE-743C8DF4889D}
		{E0F5D536-CFE8-48C4-A82C-56B48BB067FD} = {5AF9DAA0-BE52-42B5-85DE-743C8DF4889D}
		{2C0EB898-2635-4D8A-A1FF-8DD9CA8743B7} = {5AF9DAA0-BE52-42B5-85DE-743C8DF4889D}
	EndGlobalSection
	GlobalSection(MonoDevelopProperties) = preSolution
		StartupItem = Tests\TestWinForm\TestWinForm.csproj
		Policies = $0
		$0.DotNetNamingPolicy = $1
		$1.DirectoryNamespaceAssociation = None
		$1.ResourceNamePolicy = FileFormatDefault
		$0.TextStylePolicy = $2
		$2.inheritsSet = Mono
		$2.inheritsScope = text/plain
		$2.scope = text/plain
		$0.TextStylePolicy = $3
		$3.inheritsSet = VisualStudio
		$3.inheritsScope = text/plain
		$3.scope = text/x-csharp
		$0.CSharpFormattingPolicy = $4
		$4.IndentSwitchBody = True
		$4.AnonymousMethodBraceStyle = NextLine
		$4.PropertyBraceStyle = NextLine
		$4.PropertyGetBraceStyle = NextLine
		$4.PropertySetBraceStyle = NextLine
		$4.EventBraceStyle = NextLine
		$4.EventAddBraceStyle = NextLine
		$4.EventRemoveBraceStyle = NextLine
		$4.StatementBraceStyle = NextLine
		$4.ElseNewLinePlacement = NewLine
		$4.CatchNewLinePlacement = NewLine
		$4.FinallyNewLinePlacement = NewLine
		$4.WhileNewLinePlacement = DoNotCare
		$4.ArrayInitializerWrapping = DoNotChange
		$4.ArrayInitializerBraceStyle = NextLine
		$4.BeforeMethodDeclarationParentheses = False
		$4.BeforeMethodCallParentheses = False
		$4.BeforeConstructorDeclarationParentheses = False
		$4.NewLineBeforeConstructorInitializerColon = NewLine
		$4.NewLineAfterConstructorInitializerColon = SameLine
		$4.BeforeDelegateDeclarationParentheses = False
		$4.NewParentheses = False
		$4.SpacesBeforeBrackets = False
		$4.inheritsSet = Mono
		$4.inheritsScope = text/x-csharp
		$4.scope = text/x-csharp
		$0.VersionControlPolicy = $5
		$5.inheritsSet = Mono
	EndGlobalSection
EndGlobal
